
Microsoft Visual Studio Solution File, Format Version 12.00
# Visual Studio Version 17
VisualStudioVersion = 17.11.35312.102
MinimumVisualStudioVersion = 10.0.40219.1
Project("{FAE04EC0-301F-11D3-BF4B-00C04F79EFBC}") = "Login_FromAuthentication_MVC", "Login_FromAuthentication_MVC\Login_FromAuthentication_MVC.csproj", "{8A179910-66A9-4605-8063-B2EE24B62C32}"
EndProject
Global
	GlobalSection(SolutionConfigurationPlatforms) = preSolution
		Debug|Any CPU = Debug|Any CPU
		Release|Any CPU = Release|Any CPU
	EndGlobalSection
	GlobalSection(ProjectConfigurationPlatforms) = postSolution
		{8A179910-66A9-4605-8063-B2EE24B62C32}.Debug|Any CPU.ActiveCfg = Debug|Any CPU
		{8A179910-66A9-4605-8063-B2EE24B62C32}.Debug|Any CPU.Build.0 = Debug|Any CPU
		{8A179910-66A9-4605-8063-B2EE24B62C32}.Release|Any CPU.ActiveCfg = Release|Any CPU
		{8A179910-66A9-4605-8063-B2EE24B62C32}.Release|Any CPU.Build.0 = Release|Any CPU
	EndGlobalSection
	GlobalSection(SolutionProperties) = preSolution
		HideSolutionNode = FALSE
	EndGlobalSection
	GlobalSection(ExtensibilityGlobals) = postSolution
		SolutionGuid = {8871A080-5AB2-4AF1-9D37-8E1CC7316D7D}
	EndGlobalSection
EndGlobal
