
Microsoft Visual Studio Solution File, Format Version 12.00
# Visual Studio Version 17
VisualStudioVersion = 17.11.35431.28
MinimumVisualStudioVersion = 10.0.40219.1
Project("{FAE04EC0-301F-11D3-BF4B-00C04F79EFBC}") = "JOB_PORTAL_MANISH1", "JOB_PORTAL_MANISH1\JOB_PORTAL_MANISH1.csproj", "{460E4628-8A05-46D7-9D0C-4D42C058CE23}"
EndProject
Global
	GlobalSection(SolutionConfigurationPlatforms) = preSolution
		Debug|Any CPU = Debug|Any CPU
		Release|Any CPU = Release|Any CPU
	EndGlobalSection
	GlobalSection(ProjectConfigurationPlatforms) = postSolution
		{460E4628-8A05-46D7-9D0C-4D42C058CE23}.Debug|Any CPU.ActiveCfg = Debug|Any CPU
		{460E4628-8A05-46D7-9D0C-4D42C058CE23}.Debug|Any CPU.Build.0 = Debug|Any CPU
		{460E4628-8A05-46D7-9D0C-4D42C058CE23}.Release|Any CPU.ActiveCfg = Release|Any CPU
		{460E4628-8A05-46D7-9D0C-4D42C058CE23}.Release|Any CPU.Build.0 = Release|Any CPU
	EndGlobalSection
	GlobalSection(SolutionProperties) = preSolution
		HideSolutionNode = FALSE
	EndGlobalSection
	GlobalSection(ExtensibilityGlobals) = postSolution
		SolutionGuid = {B6273CB0-A097-488C-A47F-07FD053A251F}
	EndGlobalSection
EndGlobal
