
Microsoft Visual Studio Solution File, Format Version 12.00
# Visual Studio Version 17
VisualStudioVersion = 17.11.35312.102
MinimumVisualStudioVersion = 10.0.40219.1
Project("{FAE04EC0-301F-11D3-BF4B-00C04F79EFBC}") = "api22", "api22\api22.csproj", "{31E6162F-4DA5-4F61-B075-C8D94F92C086}"
EndProject
Global
	GlobalSection(SolutionConfigurationPlatforms) = preSolution
		Debug|Any CPU = Debug|Any CPU
		Release|Any CPU = Release|Any CPU
	EndGlobalSection
	GlobalSection(ProjectConfigurationPlatforms) = postSolution
		{31E6162F-4DA5-4F61-B075-C8D94F92C086}.Debug|Any CPU.ActiveCfg = Debug|Any CPU
		{31E6162F-4DA5-4F61-B075-C8D94F92C086}.Debug|Any CPU.Build.0 = Debug|Any CPU
		{31E6162F-4DA5-4F61-B075-C8D94F92C086}.Release|Any CPU.ActiveCfg = Release|Any CPU
		{31E6162F-4DA5-4F61-B075-C8D94F92C086}.Release|Any CPU.Build.0 = Release|Any CPU
	EndGlobalSection
	GlobalSection(SolutionProperties) = preSolution
		HideSolutionNode = FALSE
	EndGlobalSection
	GlobalSection(ExtensibilityGlobals) = postSolution
		SolutionGuid = {286118D8-9829-43CB-8C95-600F70FA7BFE}
	EndGlobalSection
EndGlobal
