
Microsoft Visual Studio Solution File, Format Version 12.00
# Visual Studio Version 17
VisualStudioVersion = 17.11.35312.102
MinimumVisualStudioVersion = 10.0.40219.1
Project("{FAE04EC0-301F-11D3-BF4B-00C04F79EFBC}") = "ConsoleApp33", "ConsoleApp33\ConsoleApp33.csproj", "{BDEB6EE5-17EA-4A54-987D-4ED1834ADFA3}"
EndProject
Global
	GlobalSection(SolutionConfigurationPlatforms) = preSolution
		Debug|Any CPU = Debug|Any CPU
		Release|Any CPU = Release|Any CPU
	EndGlobalSection
	GlobalSection(ProjectConfigurationPlatforms) = postSolution
		{BDEB6EE5-17EA-4A54-987D-4ED1834ADFA3}.Debug|Any CPU.ActiveCfg = Debug|Any CPU
		{BDEB6EE5-17EA-4A54-987D-4ED1834ADFA3}.Debug|Any CPU.Build.0 = Debug|Any CPU
		{BDEB6EE5-17EA-4A54-987D-4ED1834ADFA3}.Release|Any CPU.ActiveCfg = Release|Any CPU
		{BDEB6EE5-17EA-4A54-987D-4ED1834ADFA3}.Release|Any CPU.Build.0 = Release|Any CPU
	EndGlobalSection
	GlobalSection(SolutionProperties) = preSolution
		HideSolutionNode = FALSE
	EndGlobalSection
	GlobalSection(ExtensibilityGlobals) = postSolution
		SolutionGuid = {DF5ACBD5-D12D-4751-96C4-0A95AE3FC6A7}
	EndGlobalSection
EndGlobal
