
Microsoft Visual Studio Solution File, Format Version 12.00
# Visual Studio Version 17
VisualStudioVersion = 17.11.35431.28
MinimumVisualStudioVersion = 10.0.40219.1
Project("{FAE04EC0-301F-11D3-BF4B-00C04F79EFBC}") = "WebApplication22", "WebApplication22\WebApplication22.csproj", "{EAF50F2E-9B64-416C-B9BC-EA5E769523F3}"
EndProject
Global
	GlobalSection(SolutionConfigurationPlatforms) = preSolution
		Debug|Any CPU = Debug|Any CPU
		Release|Any CPU = Release|Any CPU
	EndGlobalSection
	GlobalSection(ProjectConfigurationPlatforms) = postSolution
		{EAF50F2E-9B64-416C-B9BC-EA5E769523F3}.Debug|Any CPU.ActiveCfg = Debug|Any CPU
		{EAF50F2E-9B64-416C-B9BC-EA5E769523F3}.Debug|Any CPU.Build.0 = Debug|Any CPU
		{EAF50F2E-9B64-416C-B9BC-EA5E769523F3}.Release|Any CPU.ActiveCfg = Release|Any CPU
		{EAF50F2E-9B64-416C-B9BC-EA5E769523F3}.Release|Any CPU.Build.0 = Release|Any CPU
	EndGlobalSection
	GlobalSection(SolutionProperties) = preSolution
		HideSolutionNode = FALSE
	EndGlobalSection
	GlobalSection(ExtensibilityGlobals) = postSolution
		SolutionGuid = {08DB7C76-BCC0-4FEF-A37E-2FE60CFC733B}
	EndGlobalSection
EndGlobal
