
Microsoft Visual Studio Solution File, Format Version 12.00
# Visual Studio Version 17
VisualStudioVersion = 17.11.35431.28
MinimumVisualStudioVersion = 10.0.40219.1
Project("{FAE04EC0-301F-11D3-BF4B-00C04F79EFBC}") = "WebApplication21", "WebApplication21\WebApplication21.csproj", "{3C56EB0E-95AD-43D6-9764-BEC10F34DDBF}"
EndProject
Global
	GlobalSection(SolutionConfigurationPlatforms) = preSolution
		Debug|Any CPU = Debug|Any CPU
		Release|Any CPU = Release|Any CPU
	EndGlobalSection
	GlobalSection(ProjectConfigurationPlatforms) = postSolution
		{3C56EB0E-95AD-43D6-9764-BEC10F34DDBF}.Debug|Any CPU.ActiveCfg = Debug|Any CPU
		{3C56EB0E-95AD-43D6-9764-BEC10F34DDBF}.Debug|Any CPU.Build.0 = Debug|Any CPU
		{3C56EB0E-95AD-43D6-9764-BEC10F34DDBF}.Release|Any CPU.ActiveCfg = Release|Any CPU
		{3C56EB0E-95AD-43D6-9764-BEC10F34DDBF}.Release|Any CPU.Build.0 = Release|Any CPU
	EndGlobalSection
	GlobalSection(SolutionProperties) = preSolution
		HideSolutionNode = FALSE
	EndGlobalSection
	GlobalSection(ExtensibilityGlobals) = postSolution
		SolutionGuid = {721BD645-C3ED-4165-BF7A-3CB2D2ABA1C8}
	EndGlobalSection
EndGlobal
